
Microsoft Visual Studio Solution File, Format Version 12.00
# Visual Studio Version 16
VisualStudioVersion = 16.0.32901.82
MinimumVisualStudioVersion = 10.0.40219.1
Project("{00D1A9C2-B5F0-4AF3-8072-F6C62B433612}") = "HotelAppDB", "HotelAppDB\HotelAppDB.sqlproj", "{35FDD5F6-DA5A-4A0E-8DDF-856C78DC2972}"
EndProject
Project("{FAE04EC0-301F-11D3-BF4B-00C04F79EFBC}") = "HotelAppLibrary", "HotelAppLibrary\HotelAppLibrary.csproj", "{EA92D1A6-2733-49D6-BB7D-BC6C3C293408}"
EndProject
Project("{9A19103F-16F7-4668-BE54-9A1E7A4F7556}") = "HotelAppWeb", "HotelAppWeb\HotelAppWeb.csproj", "{D9C8AC93-9BDB-431E-9377-207E90B6A158}"
EndProject
Global
	GlobalSection(SolutionConfigurationPlatforms) = preSolution
		Debug|Any CPU = Debug|Any CPU
		Release|Any CPU = Release|Any CPU
	EndGlobalSection
	GlobalSection(ProjectConfigurationPlatforms) = postSolution
		{35FDD5F6-DA5A-4A0E-8DDF-856C78DC2972}.Debug|Any CPU.ActiveCfg = Debug|Any CPU
		{35FDD5F6-DA5A-4A0E-8DDF-856C78DC2972}.Debug|Any CPU.Build.0 = Debug|Any CPU
		{35FDD5F6-DA5A-4A0E-8DDF-856C78DC2972}.Debug|Any CPU.Deploy.0 = Debug|Any CPU
		{35FDD5F6-DA5A-4A0E-8DDF-856C78DC2972}.Release|Any CPU.ActiveCfg = Release|Any CPU
		{35FDD5F6-DA5A-4A0E-8DDF-856C78DC2972}.Release|Any CPU.Build.0 = Release|Any CPU
		{35FDD5F6-DA5A-4A0E-8DDF-856C78DC2972}.Release|Any CPU.Deploy.0 = Release|Any CPU
		{EA92D1A6-2733-49D6-BB7D-BC6C3C293408}.Debug|Any CPU.ActiveCfg = Debug|Any CPU
		{EA92D1A6-2733-49D6-BB7D-BC6C3C293408}.Debug|Any CPU.Build.0 = Debug|Any CPU
		{EA92D1A6-2733-49D6-BB7D-BC6C3C293408}.Release|Any CPU.ActiveCfg = Release|Any CPU
		{EA92D1A6-2733-49D6-BB7D-BC6C3C293408}.Release|Any CPU.Build.0 = Release|Any CPU
		{D9C8AC93-9BDB-431E-9377-207E90B6A158}.Debug|Any CPU.ActiveCfg = Debug|Any CPU
		{D9C8AC93-9BDB-431E-9377-207E90B6A158}.Debug|Any CPU.Build.0 = Debug|Any CPU
		{D9C8AC93-9BDB-431E-9377-207E90B6A158}.Release|Any CPU.ActiveCfg = Release|Any CPU
		{D9C8AC93-9BDB-431E-9377-207E90B6A158}.Release|Any CPU.Build.0 = Release|Any CPU
	EndGlobalSection
	GlobalSection(SolutionProperties) = preSolution
		HideSolutionNode = FALSE
	EndGlobalSection
	GlobalSection(ExtensibilityGlobals) = postSolution
		SolutionGuid = {E2A6CBDE-02A7-4DEE-8CC2-2E58E24AB480}
	EndGlobalSection
EndGlobal
